{
  "version": "5",
  "specifiers": {
    "jsr:@std/assert@*": "1.0.19",
    "jsr:@std/assert@1": "1.0.19",
    "jsr:@std/assert@1.0.19": "1.0.19",
    "jsr:@std/internal@^1.0.12": "1.0.12",
    "jsr:@systeminit/swamp-testing@*": "0.20260331.5",
    "npm:@aws-sdk/client-ec2@3.1024.0": "3.1024.0",
    "npm:@aws-sdk/client-iam@3.1024.0": "3.1024.0",
    "npm:@aws-sdk/client-rds@3.1024.0": "3.1024.0",
    "npm:@aws-sdk/client-secrets-manager@3.1024.0": "3.1024.0",
    "npm:@aws-sdk/client-sts@3.1024.0": "3.1024.0",
    "npm:@aws-sdk/rds-signer@3.1024.0": "3.1024.0",
    "npm:@sqlite.org/sqlite-wasm@3.53.0-build1": "3.53.0-build1",
    "npm:better-sqlite3@11.7.0": "11.7.0",
    "npm:postgres@3.4.5": "3.4.5",
    "npm:sql.js@1.13.0": "1.13.0",
    "npm:zod@4": "4.4.3"
  },
  "jsr": {
    "@std/assert@1.0.19": {
      "integrity": "eaada96ee120cb980bc47e040f82814d786fe8162ecc53c91d8df60b8755991e",
      "dependencies": [
        "jsr:@std/internal"
      ]
    },
    "@std/internal@1.0.12": {
      "integrity": "972a634fd5bc34b242024402972cd5143eac68d8dffaca5eaa4dba30ce17b027"
    },
    "@systeminit/swamp-testing@0.20260331.5": {
      "integrity": "7f336df3a10433f2218c998b1b9757cba134585f44d53776ed82420b12b04df7",
      "dependencies": [
        "jsr:@std/assert@1.0.19"
      ]
    }
  },
  "npm": {
    "@aws-crypto/sha256-browser@5.2.0": {
      "integrity": "sha512-AXfN/lGotSQwu6HNcEsIASo7kWXZ5HYWvfOmSNKDsEqC4OashTp8alTmaz+F7TC2L083SFv5RdB+qU3Vs1kZqw==",
      "dependencies": [
        "@aws-crypto/sha256-js",
        "@aws-crypto/supports-web-crypto",
        "@aws-crypto/util",
        "@aws-sdk/types",
        "@aws-sdk/util-locate-window",
        "@smithy/util-utf8@2.3.0",
        "tslib"
      ]
    },
    "@aws-crypto/sha256-js@5.2.0": {
      "integrity": "sha512-FFQQyu7edu4ufvIZ+OadFpHHOt+eSTBaYaki44c+akjg7qZg9oOQeLlk77F6tSYqjDAFClrHJk9tMf0HdVyOvA==",
      "dependencies": [
        "@aws-crypto/util",
        "@aws-sdk/types",
        "tslib"
      ]
    },
    "@aws-crypto/supports-web-crypto@5.2.0": {
      "integrity": "sha512-iAvUotm021kM33eCdNfwIN//F77/IADDSs58i+MDaOqFrVjZo9bAal0NK7HurRuWLLpF1iLX7gbWrjHjeo+YFg==",
      "dependencies": [
        "tslib"
      ]
    },
    "@aws-crypto/util@5.2.0": {
      "integrity": "sha512-4RkU9EsI6ZpBve5fseQlGNUWKMa1RLPQ1dnjnQoe07ldfIzcsGb5hC5W0Dm7u423KWzawlrpbjXBrXCEv9zazQ==",
      "dependencies": [
        "@aws-sdk/types",
        "@smithy/util-utf8@2.3.0",
        "tslib"
      ]
    },
    "@aws-sdk/client-cognito-identity@3.1024.0": {
      "integrity": "sha512-PhbZl7TT+SBAsNxeC4vjRCqnkKYadRPKpsX4s0CtsVZz3QJ6UWBO7nBCHV5Pdv1f+YJD+UbCxGBj389vOPLmsw==",
      "dependencies": [
        "@aws-crypto/sha256-browser",
        "@aws-crypto/sha256-js",
        "@aws-sdk/core",
        "@aws-sdk/credential-provider-node",
        "@aws-sdk/middleware-host-header",
        "@aws-sdk/middleware-logger",
        "@aws-sdk/middleware-recursion-detection",
        "@aws-sdk/middleware-user-agent",
        "@aws-sdk/region-config-resolver",
        "@aws-sdk/types",
        "@aws-sdk/util-endpoints",
        "@aws-sdk/util-user-agent-browser",
        "@aws-sdk/util-user-agent-node",
        "@smithy/config-resolver",
        "@smithy/core",
        "@smithy/fetch-http-handler",
        "@smithy/hash-node",
        "@smithy/invalid-dependency",
        "@smithy/middleware-content-length",
        "@smithy/middleware-endpoint",
        "@smithy/middleware-retry",
        "@smithy/middleware-serde",
        "@smithy/middleware-stack",
        "@smithy/node-config-provider",
        "@smithy/node-http-handler",
        "@smithy/protocol-http",
        "@smithy/smithy-client",
        "@smithy/types",
        "@smithy/url-parser",
        "@smithy/util-base64",
        "@smithy/util-body-length-browser",
        "@smithy/util-body-length-node",
        "@smithy/util-defaults-mode-browser",
        "@smithy/util-defaults-mode-node",
        "@smithy/util-endpoints",
        "@smithy/util-middleware",
        "@smithy/util-retry",
        "@smithy/util-utf8@4.4.5",
        "tslib"
      ]
    },
    "@aws-sdk/client-ec2@3.1024.0": {
      "integrity": "sha512-1LtP6bT4i/bdYHpVFCq680HVE5buSbuX5L3wPJsXplbz7qKM/KDQx3jZ2Po/B+TxBKpam//rhGdJDKrIUSu5pQ==",
      "dependencies": [
        "@aws-crypto/sha256-browser",
        "@aws-crypto/sha256-js",
        "@aws-sdk/core",
        "@aws-sdk/credential-provider-node",
        "@aws-sdk/middleware-host-header",
        "@aws-sdk/middleware-logger",
        "@aws-sdk/middleware-recursion-detection",
        "@aws-sdk/middleware-sdk-ec2",
        "@aws-sdk/middleware-user-agent",
        "@aws-sdk/region-config-resolver",
        "@aws-sdk/types",
        "@aws-sdk/util-endpoints",
        "@aws-sdk/util-user-agent-browser",
        "@aws-sdk/util-user-agent-node",
        "@smithy/config-resolver",
        "@smithy/core",
        "@smithy/fetch-http-handler",
        "@smithy/hash-node",
        "@smithy/invalid-dependency",
        "@smithy/middleware-content-length",
        "@smithy/middleware-endpoint",
        "@smithy/middleware-retry",
        "@smithy/middleware-serde",
        "@smithy/middleware-stack",
        "@smithy/node-config-provider",
        "@smithy/node-http-handler",
        "@smithy/protocol-http",
        "@smithy/smithy-client",
        "@smithy/types",
        "@smithy/url-parser",
        "@smithy/util-base64",
        "@smithy/util-body-length-browser",
        "@smithy/util-body-length-node",
        "@smithy/util-defaults-mode-browser",
        "@smithy/util-defaults-mode-node",
        "@smithy/util-endpoints",
        "@smithy/util-middleware",
        "@smithy/util-retry",
        "@smithy/util-utf8@4.4.5",
        "@smithy/util-waiter",
        "tslib"
      ]
    },
    "@aws-sdk/client-iam@3.1024.0": {
      "integrity": "sha512-ZR6FSJZCQb+diQfTjNITbEv7XGp73j7xFJ6f6Pi0n+4gCWdlYQH/UYRsfv5V6igBF8R+28yQo4m1pKekRsW2rA==",
      "dependencies": [
        "@aws-crypto/sha256-browser",
        "@aws-crypto/sha256-js",
        "@aws-sdk/core",
        "@aws-sdk/credential-provider-node",
        "@aws-sdk/middleware-host-header",
        "@aws-sdk/middleware-logger",
        "@aws-sdk/middleware-recursion-detection",
        "@aws-sdk/middleware-user-agent",
        "@aws-sdk/region-config-resolver",
        "@aws-sdk/types",
        "@aws-sdk/util-endpoints",
        "@aws-sdk/util-user-agent-browser",
        "@aws-sdk/util-user-agent-node",
        "@smithy/config-resolver",
        "@smithy/core",
        "@smithy/fetch-http-handler",
        "@smithy/hash-node",
        "@smithy/invalid-dependency",
        "@smithy/middleware-content-length",
        "@smithy/middleware-endpoint",
        "@smithy/middleware-retry",
        "@smithy/middleware-serde",
        "@smithy/middleware-stack",
        "@smithy/node-config-provider",
        "@smithy/node-http-handler",
        "@smithy/protocol-http",
        "@smithy/smithy-client",
        "@smithy/types",
        "@smithy/url-parser",
        "@smithy/util-base64",
        "@smithy/util-body-length-browser",
        "@smithy/util-body-length-node",
        "@smithy/util-defaults-mode-browser",
        "@smithy/util-defaults-mode-node",
        "@smithy/util-endpoints",
        "@smithy/util-middleware",
        "@smithy/util-retry",
        "@smithy/util-utf8@4.4.5",
        "@smithy/util-waiter",
        "tslib"
      ]
    },
    "@aws-sdk/client-rds@3.1024.0": {
      "integrity": "sha512-0NSs6HfjNLwzfpQTBs1mnvkF+rFsd8fpeV4O+5d/1lYddEhs5FkGZ8DxCTe/hHunBCqrzpOCUNed3+mYrku/dg==",
      "dependencies": [
        "@aws-crypto/sha256-browser",
        "@aws-crypto/sha256-js",
        "@aws-sdk/core",
        "@aws-sdk/credential-provider-node",
        "@aws-sdk/middleware-host-header",
        "@aws-sdk/middleware-logger",
        "@aws-sdk/middleware-recursion-detection",
        "@aws-sdk/middleware-sdk-rds",
        "@aws-sdk/middleware-user-agent",
        "@aws-sdk/region-config-resolver",
        "@aws-sdk/types",
        "@aws-sdk/util-endpoints",
        "@aws-sdk/util-user-agent-browser",
        "@aws-sdk/util-user-agent-node",
        "@smithy/config-resolver",
        "@smithy/core",
        "@smithy/fetch-http-handler",
        "@smithy/hash-node",
        "@smithy/invalid-dependency",
        "@smithy/middleware-content-length",
        "@smithy/middleware-endpoint",
        "@smithy/middleware-retry",
        "@smithy/middleware-serde",
        "@smithy/middleware-stack",
        "@smithy/node-config-provider",
        "@smithy/node-http-handler",
        "@smithy/protocol-http",
        "@smithy/smithy-client",
        "@smithy/types",
        "@smithy/url-parser",
        "@smithy/util-base64",
        "@smithy/util-body-length-browser",
        "@smithy/util-body-length-node",
        "@smithy/util-defaults-mode-browser",
        "@smithy/util-defaults-mode-node",
        "@smithy/util-endpoints",
        "@smithy/util-middleware",
        "@smithy/util-retry",
        "@smithy/util-utf8@4.4.5",
        "@smithy/util-waiter",
        "tslib"
      ]
    },
    "@aws-sdk/client-secrets-manager@3.1024.0": {
      "integrity": "sha512-EXbgMqueA5gw/jqpE2zMWAfBnzn6cZWqCISGdfn1201Um9IAIoTcHjyWoQMALQm0f8Lu1NF6yRtngs6zpZcagQ==",
      "dependencies": [
        "@aws-crypto/sha256-browser",
        "@aws-crypto/sha256-js",
        "@aws-sdk/core",
        "@aws-sdk/credential-provider-node",
        "@aws-sdk/middleware-host-header",
        "@aws-sdk/middleware-logger",
        "@aws-sdk/middleware-recursion-detection",
        "@aws-sdk/middleware-user-agent",
        "@aws-sdk/region-config-resolver",
        "@aws-sdk/types",
        "@aws-sdk/util-endpoints",
        "@aws-sdk/util-user-agent-browser",
        "@aws-sdk/util-user-agent-node",
        "@smithy/config-resolver",
        "@smithy/core",
        "@smithy/fetch-http-handler",
        "@smithy/hash-node",
        "@smithy/invalid-dependency",
        "@smithy/middleware-content-length",
        "@smithy/middleware-endpoint",
        "@smithy/middleware-retry",
        "@smithy/middleware-serde",
        "@smithy/middleware-stack",
        "@smithy/node-config-provider",
        "@smithy/node-http-handler",
        "@smithy/protocol-http",
        "@smithy/smithy-client",
        "@smithy/types",
        "@smithy/url-parser",
        "@smithy/util-base64",
        "@smithy/util-body-length-browser",
        "@smithy/util-body-length-node",
        "@smithy/util-defaults-mode-browser",
        "@smithy/util-defaults-mode-node",
        "@smithy/util-endpoints",
        "@smithy/util-middleware",
        "@smithy/util-retry",
        "@smithy/util-utf8@4.4.5",
        "tslib"
      ]
    },
    "@aws-sdk/client-sts@3.1024.0": {
      "integrity": "sha512-LQYfWXsZ6ty68zSMMBGyoj9Lf2bEvVcI593nU5wepaHOTb0HCdOS5BUuQdSkjQ+MUxE3UKlLpCsmEnfEFyNGNQ==",
      "dependencies": [
        "@aws-crypto/sha256-browser",
        "@aws-crypto/sha256-js",
        "@aws-sdk/core",
        "@aws-sdk/credential-provider-node",
        "@aws-sdk/middleware-host-header",
        "@aws-sdk/middleware-logger",
        "@aws-sdk/middleware-recursion-detection",
        "@aws-sdk/middleware-user-agent",
        "@aws-sdk/region-config-resolver",
        "@aws-sdk/types",
        "@aws-sdk/util-endpoints",
        "@aws-sdk/util-user-agent-browser",
        "@aws-sdk/util-user-agent-node",
        "@smithy/config-resolver",
        "@smithy/core",
        "@smithy/fetch-http-handler",
        "@smithy/hash-node",
        "@smithy/invalid-dependency",
        "@smithy/middleware-content-length",
        "@smithy/middleware-endpoint",
        "@smithy/middleware-retry",
        "@smithy/middleware-serde",
        "@smithy/middleware-stack",
        "@smithy/node-config-provider",
        "@smithy/node-http-handler",
        "@smithy/protocol-http",
        "@smithy/smithy-client",
        "@smithy/types",
        "@smithy/url-parser",
        "@smithy/util-base64",
        "@smithy/util-body-length-browser",
        "@smithy/util-body-length-node",
        "@smithy/util-defaults-mode-browser",
        "@smithy/util-defaults-mode-node",
        "@smithy/util-endpoints",
        "@smithy/util-middleware",
        "@smithy/util-retry",
        "@smithy/util-utf8@4.4.5",
        "tslib"
      ]
    },
    "@aws-sdk/core@3.974.27": {
      "integrity": "sha512-WRWEgIq6vx+NU6ot3VrRu4Jovj9MIObitSi6of/GV5THDDPccBhivCRNkWJutMM+m3GvdeI3l/UbGNcoOobxOA==",
      "dependencies": [
        "@aws-sdk/types",
        "@aws-sdk/xml-builder",
        "@aws/lambda-invoke-store",
        "@smithy/core",
        "@smithy/signature-v4",
        "@smithy/types",
        "bowser",
        "tslib"
      ]
    },
    "@aws-sdk/credential-provider-cognito-identity@3.972.52": {
      "integrity": "sha512-m+akZFJsghShferf2xsMw0Hogl1jNIJl2zUoZBNTFyWvlaOj1aK5sMTzcnw8m1dICvlQ+lC4T1OPGGsmZ+ezXA==",
      "dependencies": [
        "@aws-sdk/nested-clients",
        "@aws-sdk/types",
        "@smithy/core",
        "@smithy/types",
        "tslib"
      ]
    },
    "@aws-sdk/credential-provider-env@3.972.52": {
      "integrity": "sha512-sxuaHZGHqOgKB8OdL3doXa1NJjqmO60FPfyTnYVKGjX9taRsIEGS9pd+2yALmo06hijZ8L94uSK0kfXZsRmVyA==",
      "dependencies": [
        "@aws-sdk/core",
        "@aws-sdk/types",
        "@smithy/core",
        "@smithy/types",
        "tslib"
      ]
    },
    "@aws-sdk/credential-provider-http@3.972.54": {
      "integrity": "sha512-e6yz52nq3SpR1oPLcvfsDM7H7k2gIYk/NSn/rwsFqzGXEwr3g0mRMlPbLaKCPCGNZJMU/gZg6/64B3eSam+gBw==",
      "dependencies": [
        "@aws-sdk/core",
        "@aws-sdk/types",
        "@smithy/core",
        "@smithy/fetch-http-handler",
        "@smithy/node-http-handler",
        "@smithy/types",
        "tslib"
      ]
    },
    "@aws-sdk/credential-provider-ini@3.972.59": {
      "integrity": "sha512-9Um/UpruN76AdpiLnvwChVkJJwJ9Vx9ykk/2AeLxxSCM/YYRD8Kkq2towUk9fZQLV7dd9ATlsi87U7hKs0z/iQ==",
      "dependencies": [
        "@aws-sdk/core",
        "@aws-sdk/credential-provider-env",
        "@aws-sdk/credential-provider-http",
        "@aws-sdk/credential-provider-login",
        "@aws-sdk/credential-provider-process",
        "@aws-sdk/credential-provider-sso",
        "@aws-sdk/credential-provider-web-identity",
        "@aws-sdk/nested-clients",
        "@aws-sdk/types",
        "@smithy/core",
        "@smithy/credential-provider-imds",
        "@smithy/types",
        "tslib"
      ]
    },
    "@aws-sdk/credential-provider-login@3.972.58": {
      "integrity": "sha512-H3q96qF8/DJsPsXMVtMRqSWOc85K5O4zos32untdw+vE5vw0f3a6qJo1YqbND4BsEIKd4iZmzzVUq9kV4LjbHg==",
      "dependencies": [
        "@aws-sdk/core",
        "@aws-sdk/nested-clients",
        "@aws-sdk/types",
        "@smithy/core",
        "@smithy/types",
        "tslib"
      ]
    },
    "@aws-sdk/credential-provider-node@3.972.61": {
      "integrity": "sha512-2U2KHMRCt1dlZoLU3KZR5g5EL4b0h2HHw96SkaUBK7qvEXPZj5rGRO/3ZTeJmh37dIYQuCnA2273rZOQvmsiHw==",
      "dependencies": [
        "@aws-sdk/credential-provider-env",
        "@aws-sdk/credential-provider-http",
        "@aws-sdk/credential-provider-ini",
        "@aws-sdk/credential-provider-process",
        "@aws-sdk/credential-provider-sso",
        "@aws-sdk/credential-provider-web-identity",
        "@aws-sdk/types",
        "@smithy/core",
        "@smithy/credential-provider-imds",
        "@smithy/types",
        "tslib"
      ]
    },
    "@aws-sdk/credential-provider-process@3.972.52": {
      "integrity": "sha512-Aff9Ebs42lz+Ep1wkS+Nlwh5S0eahakpyskPsuKGjiBJ6ExOjNtxbfKJTKovQtQNgJ7oG1BH6esJwGrbs7qgSA==",
      "dependencies": [
        "@aws-sdk/core",
        "@aws-sdk/types",
        "@smithy/core",
        "@smithy/types",
        "tslib"
      ]
    },
    "@aws-sdk/credential-provider-sso@3.972.58": {
      "integrity": "sha512-syloC58mXOacUqM2toPNfwd7X3jT+tWj0F/cN7qdW1FQyI0q41J0tPf6DIZ56BF0x82iS9j3ALP45MoBz79YuQ==",
      "dependencies": [
        "@aws-sdk/core",
        "@aws-sdk/nested-clients",
        "@aws-sdk/token-providers",
        "@aws-sdk/types",
        "@smithy/core",
        "@smithy/types",
        "tslib"
      ]
    },
    "@aws-sdk/credential-provider-web-identity@3.972.58": {
      "integrity": "sha512-pTBImKzcGK+pcMKjL0fAJbnYzzYd1c0UDc7BSIOGNQhF9Nuk66vWlIXfYTYyzNSs+w8Q/vfbbNDDU8zdrouwLg==",
      "dependencies": [
        "@aws-sdk/core",
        "@aws-sdk/nested-clients",
        "@aws-sdk/types",
        "@smithy/core",
        "@smithy/types",
        "tslib"
      ]
    },
    "@aws-sdk/credential-providers@3.1024.0": {
      "integrity": "sha512-5aVZ74iKJ3InT/s4H2tVzAjH48SdegJU0Y0RaAYToQbmrS1R17tipw0jVQrFzajX6W5sbG6xfLcTNIGL33ODMQ==",
      "dependencies": [
        "@aws-sdk/client-cognito-identity",
        "@aws-sdk/core",
        "@aws-sdk/credential-provider-cognito-identity",
        "@aws-sdk/credential-provider-env",
        "@aws-sdk/credential-provider-http",
        "@aws-sdk/credential-provider-ini",
        "@aws-sdk/credential-provider-login",
        "@aws-sdk/credential-provider-node",
        "@aws-sdk/credential-provider-process",
        "@aws-sdk/credential-provider-sso",
        "@aws-sdk/credential-provider-web-identity",
        "@aws-sdk/nested-clients",
        "@aws-sdk/types",
        "@smithy/config-resolver",
        "@smithy/core",
        "@smithy/credential-provider-imds",
        "@smithy/node-config-provider",
        "@smithy/property-provider",
        "@smithy/types",
        "tslib"
      ]
    },
    "@aws-sdk/middleware-host-header@3.972.27": {
      "integrity": "sha512-yYf3gP7pM8AxF3yWO1cPYYWQuWGoQ1QLzi7ZdVbK59LxK664KgsjcQOWb8p11DiUkCO+aGG6nzIrQ3hOQiLtqQ==",
      "dependencies": [
        "@aws-sdk/core",
        "tslib"
      ]
    },
    "@aws-sdk/middleware-logger@3.972.26": {
      "integrity": "sha512-dWtOTYeRBOFahuAgR8EMwDKQ6PoKQROsIyBBMZkMTNgf1cK62yetBr0ycjEkWxNrfMsJn+0lye1Mwlops1XjRw==",
      "dependencies": [
        "@aws-sdk/core",
        "tslib"
      ]
    },
    "@aws-sdk/middleware-recursion-detection@3.972.28": {
      "integrity": "sha512-ZyCByl6w/7VBKsSSmS3EpTTVgAbrdA5JPfLDlFzcGw8ilaytVQvmJVBln8z4AWYOR/QSB8tcCUuT8l0xsPEjrQ==",
      "dependencies": [
        "@aws-sdk/core",
        "tslib"
      ]
    },
    "@aws-sdk/middleware-sdk-ec2@3.972.40": {
      "integrity": "sha512-64E9keSNxgTgN+o9YnWJtz5hHUROI4gyN8kQ/NPNLi1rwBEEk5mfW1RwudZnvP9PMbG3iBRyIL6arhpDmE+Bdg==",
      "dependencies": [
        "@aws-sdk/core",
        "@aws-sdk/types",
        "@smithy/core",
        "@smithy/signature-v4",
        "@smithy/types",
        "tslib"
      ]
    },
    "@aws-sdk/middleware-sdk-rds@3.972.40": {
      "integrity": "sha512-0i0aZmWrPBajwjNB0SHCd9LI61NKIYArzKl0fehhEPKmvO19+41YpIdVjrAU8jVstY60Bt1e3ot21NB00ZGSsg==",
      "dependencies": [
        "@aws-sdk/core",
        "@aws-sdk/types",
        "@smithy/core",
        "@smithy/signature-v4",
        "@smithy/types",
        "tslib"
      ]
    },
    "@aws-sdk/middleware-user-agent@3.972.56": {
      "integrity": "sha512-HKranpE6Ej8xQyXvnkOciLF3SAWIiChnrLUqvLubbre4ODOpbNsfNr0EotGOjweeHKSvARRa0oepnV/UOpp6Aw==",
      "dependencies": [
        "@aws-sdk/core",
        "tslib"
      ]
    },
    "@aws-sdk/nested-clients@3.997.27": {
      "integrity": "sha512-A8PIePF9NIIOJ/4Lg1rl9xm/+QaKkHGetq+Z9wb5B+3Da31YYXRo8n7IDMh5C+HQI5eyEmjrwkGWVdYtnLtbXQ==",
      "dependencies": [
        "@aws-sdk/core",
        "@aws-sdk/signature-v4-multi-region",
        "@aws-sdk/types",
        "@smithy/core",
        "@smithy/fetch-http-handler",
        "@smithy/node-http-handler",
        "@smithy/types",
        "tslib"
      ]
    },
    "@aws-sdk/rds-signer@3.1024.0": {
      "integrity": "sha512-INiKSRKU4QX87te5TacaC31gCV9EVu5AkyIHDifGtN9B21+ZLWn5khPKP8el+Mv8TQgNLJtA1tNWtvDbcbN6zw==",
      "dependencies": [
        "@aws-crypto/sha256-browser",
        "@aws-crypto/sha256-js",
        "@aws-sdk/credential-providers",
        "@aws-sdk/util-format-url",
        "@smithy/config-resolver",
        "@smithy/hash-node",
        "@smithy/invalid-dependency",
        "@smithy/node-config-provider",
        "@smithy/protocol-http",
        "@smithy/signature-v4",
        "@smithy/types",
        "tslib"
      ]
    },
    "@aws-sdk/region-config-resolver@3.972.30": {
      "integrity": "sha512-X7Yg8QUxxV8k2krWGaUlyMTZqJ35eABQ2xBNS14tT4rs850YT5MYDNbLPubuKhXOETT10V0YVv0pWpg0wAhDQg==",
      "dependencies": [
        "@aws-sdk/core",
        "tslib"
      ]
    },
    "@aws-sdk/signature-v4-multi-region@3.996.38": {
      "integrity": "sha512-C379Sk+MiFZCfWZphKlMyLHKxV22OjoGM5KJjj5IJNJcOCWL4IGIpnEGzv1FQiRwhYXfq55SJMfxlqPE08JJ9g==",
      "dependencies": [
        "@aws-sdk/types",
        "@smithy/signature-v4",
        "@smithy/types",
        "tslib"
      ]
    },
    "@aws-sdk/token-providers@3.1078.0": {
      "integrity": "sha512-/uyXLBGu3Lw1GbBA2X66hcOMnKtMcqAIF+3/eHfxBQmUeXF2sdqozDPrTfEr/TnSd0D6deZar+eVyhEqqWu29w==",
      "dependencies": [
        "@aws-sdk/core",
        "@aws-sdk/nested-clients",
        "@aws-sdk/types",
        "@smithy/core",
        "@smithy/types",
        "tslib"
      ]
    },
    "@aws-sdk/types@3.973.15": {
      "integrity": "sha512-IULn8uBV/SMtmOIANsm4WHXIOtVPBWfOWs3WGL0j/sI+KhaYehvOw0ET+9urnn8MBpiijuU/0JOpuwKOE451PQ==",
      "dependencies": [
        "@smithy/types",
        "tslib"
      ]
    },
    "@aws-sdk/util-endpoints@3.996.25": {
      "integrity": "sha512-1KPcn0ZSVjlaSwoRMnBc4dZpC1LDCEYFHuppA//cHZmd51UwDwnc9zVQiAuqLsz/WcuUD11EcTjNLrMSzM82hQ==",
      "dependencies": [
        "@aws-sdk/core",
        "@smithy/core",
        "tslib"
      ]
    },
    "@aws-sdk/util-format-url@3.972.29": {
      "integrity": "sha512-r47hxRqvahtf/udnvUnVKcznbokohwl3N/+5oXqBlu3Jah0aOBRwpd0HCt5/uzaOs4ojvOAg/Jcr3UrjW0OAyg==",
      "dependencies": [
        "@aws-sdk/core",
        "tslib"
      ]
    },
    "@aws-sdk/util-locate-window@3.965.8": {
      "integrity": "sha512-uUbMs1cBZPafD0ohUj6EwNf0fPZ534NvBxHox4hjX+0Rxq5paSYUem7+hi833pYrzrcnBATKIYpR02MDXT5M9g==",
      "dependencies": [
        "tslib"
      ]
    },
    "@aws-sdk/util-user-agent-browser@3.972.27": {
      "integrity": "sha512-yLxziArK7kQQaf2iR5eOW+iwa3Ge5sJSLdr6dnOEVvmNrB1jwwgbWV1S4OkmUMdHJ3qw0UnqDP2IBIQ9rN5XZQ==",
      "dependencies": [
        "@aws-sdk/core",
        "tslib"
      ]
    },
    "@aws-sdk/util-user-agent-node@3.973.42": {
      "integrity": "sha512-OZKXoDETUC1lStAUvCptw6vm6TkjQlHS/1JxfV/qGlKR+GbQQbpO4LH347TYdu4bCzs16hf3Mx2UTm4dibc4vQ==",
      "dependencies": [
        "@aws-sdk/core",
        "tslib"
      ]
    },
    "@aws-sdk/xml-builder@3.972.33": {
      "integrity": "sha512-ezbwz9WpuLctm6o7P2t2naDhVVPI5jFGrVefVybhcKGjU57VIyT46pQVO0RI2RYkUdhdj2Z9uSIlAzGZE9NW9A==",
      "dependencies": [
        "@smithy/types",
        "tslib"
      ]
    },
    "@aws/lambda-invoke-store@0.3.0": {
      "integrity": "sha512-sl4Bm6yiMNYrZKkqqDFWN0UfnWhlS8ivKxrYl+6t0gCLrqr8y3B2IqZZbFRkfaVVp7C/baApyh71P+LeE1A2sQ=="
    },
    "@smithy/config-resolver@4.6.5": {
      "integrity": "sha512-EWaWeWXmEa2BMk6x0I++Nec4lMmTgzBI48ri7Ct6vv3YdcTzM3JrHMC3R3JkUVohMxA5D81WDhcCP+fs6kv4AQ==",
      "dependencies": [
        "@smithy/core",
        "tslib"
      ]
    },
    "@smithy/core@3.29.0": {
      "integrity": "sha512-sEvpvkBVoMxjoek35XyJFn2ZD3EJ1RpiZrT47WaZodxzAIWS44zkdvbqGE/ZlugtjiQp62cffYZ9ldyRkjAGnA==",
      "dependencies": [
        "@smithy/types",
        "tslib"
      ]
    },
    "@smithy/credential-provider-imds@4.4.5": {
      "integrity": "sha512-LnjUTNG0GgQlKIq7IioeOrPaEmC5xOd1WtAz24TLSiYQnWX2uHr53GrFuQhkrJBktPYCMga/NbUOW7hFbSA2Cg==",
      "dependencies": [
        "@smithy/core",
        "@smithy/types",
        "tslib"
      ]
    },
    "@smithy/fetch-http-handler@5.6.2": {
      "integrity": "sha512-q96PSDOAGw+X+nuELd7Cjebps0SYr+YlPbviEX9sLVw+VM4M7VV8hn1nL1mGS6urDu33eQ5A7WhlphaDO6kUyQ==",
      "dependencies": [
        "@smithy/core",
        "@smithy/types",
        "tslib"
      ]
    },
    "@smithy/hash-node@4.4.5": {
      "integrity": "sha512-2pyNsNH0rQJLTdIYDpona33axUSwhTPjJ5wl4twukJpEwgvltNL/mqZ7Tcgohz4DB8rhFwRPDd/3BlYuIvMYvw==",
      "dependencies": [
        "@smithy/core",
        "tslib"
      ]
    },
    "@smithy/invalid-dependency@4.4.5": {
      "integrity": "sha512-CzXd06th+MmAoq7dfmP2Olg4ZIpnkcJnnx20Kgusc6dBC0we6+nyaJEdY78aGiAX95Oss4x4FRS6GlXttVzN6w==",
      "dependencies": [
        "@smithy/core",
        "tslib"
      ]
    },
    "@smithy/is-array-buffer@2.2.0": {
      "integrity": "sha512-GGP3O9QFD24uGeAXYUjwSTXARoqpZykHadOmA8G5vfJPK0/DC67qa//0qvqrJzL1xc8WQWX7/yc7fwudjPHPhA==",
      "dependencies": [
        "tslib"
      ]
    },
    "@smithy/middleware-content-length@4.4.5": {
      "integrity": "sha512-civiAZI/EGJP9Y+MKZYAgGc02A6w32GwPMPGnVygNst6BzS/s9hGqlLtRI6QjhGy34tEAb8asr1hs19ARMWZOQ==",
      "dependencies": [
        "@smithy/core",
        "tslib"
      ]
    },
    "@smithy/middleware-endpoint@4.6.5": {
      "integrity": "sha512-8j/B9zIZOWgxEaq223MXRta/0AKpIEoEsIWE76SG2a5FIOrjUAQ9AvJn2oLekzzy5qH0d7y+bHDnJ7FOUFM8dw==",
      "dependencies": [
        "@smithy/core",
        "tslib"
      ]
    },
    "@smithy/middleware-retry@4.7.5": {
      "integrity": "sha512-fzLQbh4izNu+dCxm8mZOg0oujgkQyk8lCbWnstpxagVwqu9nTDByrlISaEAvlsQ9d9+lbvifmPjBLrRoEDrmPQ==",
      "dependencies": [
        "@smithy/core",
        "tslib"
      ]
    },
    "@smithy/middleware-serde@4.4.5": {
      "integrity": "sha512-zyU0JL6kC23EBoMRHsrPNK+zRaBjFFVcuAhxvTAgusYv89HWzveG94kGLsHCRdawTLqeYjnX34lqY1mY680WSg==",
      "dependencies": [
        "@smithy/core",
        "tslib"
      ]
    },
    "@smithy/middleware-stack@4.4.5": {
      "integrity": "sha512-VCHV2Zqk5YC0AB938oL40HMvLcVPk9DFzjs511aseB1gVnC5ZJJckdaLyH14WrLOVAFMF4hIKZ3YenBlUa+uWQ==",
      "dependencies": [
        "@smithy/core",
        "tslib"
      ]
    },
    "@smithy/node-config-provider@4.5.5": {
      "integrity": "sha512-oYaPOb+00xXWDUb5t05b0trcnZ4XSr/cDKioiZSwSKk8crvnu8AlElTddpq6s9HT4lELJuuduCAsbco8AjZUOQ==",
      "dependencies": [
        "@smithy/core",
        "tslib"
      ]
    },
    "@smithy/node-http-handler@4.9.2": {
      "integrity": "sha512-s0yAIRj6TVfHgl+QzVyqal1KMGZ9B5512IrxKc6+dOpw8fUmFL3CvuAhjv0J+aNjUPfVZ2IhqPEDvkB5Ncx9oA==",
      "dependencies": [
        "@smithy/core",
        "@smithy/types",
        "tslib"
      ]
    },
    "@smithy/property-provider@4.4.5": {
      "integrity": "sha512-hQt9TLi0Okk/E4fSqCvg2TKT1CDVUaoogDnOa+8Ml6z4kFdoy2UGbpXfLXy8fLTWZnxPAqn7VloSP4vXJfqr0g==",
      "dependencies": [
        "@smithy/core",
        "tslib"
      ]
    },
    "@smithy/protocol-http@5.5.5": {
      "integrity": "sha512-3qVnJJQN0P5tHAui6Pusz958lyXLgUezbh3wiDL6xqMY90TvSB7knLIDNr2xPCF2E5TsUfYt5aRUS3466RFkuQ==",
      "dependencies": [
        "@smithy/core",
        "tslib"
      ]
    },
    "@smithy/signature-v4@5.6.1": {
      "integrity": "sha512-SqvuP75p/DmgWWI7jv4kf/UW+V4LFmlUn19s604SgAcRuJRB1vDnWwzZMYCLUcmKxko9wDn6iLgGEIpTNgZbIQ==",
      "dependencies": [
        "@smithy/core",
        "@smithy/types",
        "tslib"
      ]
    },
    "@smithy/smithy-client@4.14.5": {
      "integrity": "sha512-gS9pgeFjdrgh8kzqZ/AgF71wUSI4nlLl0S0t7SdnK9+NNqLEIfaihFBfxCOIrjlWU1tELHi5Zw0u7r64pPpKHQ==",
      "dependencies": [
        "@smithy/core",
        "@smithy/types",
        "tslib"
      ]
    },
    "@smithy/types@4.15.1": {
      "integrity": "sha512-x3L0XSACF6UYzKpa9biqiRMgvH5+wnFFew9Tm/grFYqgaupPwx/+ojDPpPJM8dZON3S9tjz5U+PQYsCBd1Mw5Q==",
      "dependencies": [
        "tslib"
      ]
    },
    "@smithy/url-parser@4.4.5": {
      "integrity": "sha512-NSjOFRLW50LQR4TgJE68yiqdxFb73bg15T1rwe5U7WBFutN7Xck12H9/RkHYAXwX1xjzzRRD2S1YLDrnziuYjA==",
      "dependencies": [
        "@smithy/core",
        "tslib"
      ]
    },
    "@smithy/util-base64@4.5.5": {
      "integrity": "sha512-iglQGUEglrtJofbabyVe4LPK6J8Hpn1nmdmxXkKsBhnmhndjJI78QpA1uKZnyiEuT3w66b4DTA+blXqExczMlw==",
      "dependencies": [
        "@smithy/core",
        "tslib"
      ]
    },
    "@smithy/util-body-length-browser@4.4.5": {
      "integrity": "sha512-8s1zynpaBil1uLzyzYC7wzN1Es/3KsQc1sp4dJAsLbpWtO03+QjxSqbjKdFuLcSVmg36KeMoFarovR1OLrF0eQ==",
      "dependencies": [
        "@smithy/core",
        "tslib"
      ]
    },
    "@smithy/util-body-length-node@4.4.5": {
      "integrity": "sha512-IEBuUoh5lRA95ji4heI1P4eTqAoKnPiAc02g9Rls7QYdsg4KvAWU9nBdAXgBzWWsWTaqT3C8lWANZGm9loftRA==",
      "dependencies": [
        "@smithy/core",
        "tslib"
      ]
    },
    "@smithy/util-buffer-from@2.2.0": {
      "integrity": "sha512-IJdWBbTcMQ6DA0gdNhh/BwrLkDR+ADW5Kr1aZmd4k3DIF6ezMV4R2NIAmT08wQJ3yUK82thHWmC/TnK/wpMMIA==",
      "dependencies": [
        "@smithy/is-array-buffer",
        "tslib"
      ]
    },
    "@smithy/util-defaults-mode-browser@4.5.5": {
      "integrity": "sha512-1jQUxgC5rcf7RwW7cWtvw3/JfTIlGPo4kgXcVXdYPiOLMtZcDp5nVrtPNsaIBGCLJDGd8oiwIKEbMfHqJjFNyg==",
      "dependencies": [
        "@smithy/core",
        "tslib"
      ]
    },
    "@smithy/util-defaults-mode-node@4.4.5": {
      "integrity": "sha512-HMQZY7lISfAjIL0JvcY4ayjWWk5p4l+SkqLr7CNOaqHsYSwUenrM+Q+RrunHo+fbqsUVS9rvLIaBzje85UqPXg==",
      "dependencies": [
        "@smithy/core",
        "tslib"
      ]
    },
    "@smithy/util-endpoints@3.6.5": {
      "integrity": "sha512-uweecdwyeAKKlvvkI7Y7Hm67OJPNrdPmoVI9oK1guNMnh/4Rnk5A3YqYhA3UFqNQFeejO003jsavN7EZ68ilfQ==",
      "dependencies": [
        "@smithy/core",
        "tslib"
      ]
    },
    "@smithy/util-middleware@4.4.5": {
      "integrity": "sha512-bneMfanzxnbeRnLNq7q4cNC0tth2aI+0pWFarj9vYWs/J1F1dw1dMCSVduKCyGNW2x/eizQHdJZ+025J2aSMxg==",
      "dependencies": [
        "@smithy/core",
        "tslib"
      ]
    },
    "@smithy/util-retry@4.5.5": {
      "integrity": "sha512-meg/9Fq4dK1+jImK2DvlMBZuJhI3AdbcVG6VbR2NF1FNwDHgIl9PHDwIoFECJQEinySGuVXf04Z9p7gNkQ2Dfg==",
      "dependencies": [
        "@smithy/core",
        "tslib"
      ]
    },
    "@smithy/util-utf8@2.3.0": {
      "integrity": "sha512-R8Rdn8Hy72KKcebgLiv8jQcQkXoLMOGGv5uI1/k0l+snqkOzQ1R0ChUBCxWMlBsFMekWjq0wRudIweFs7sKT5A==",
      "dependencies": [
        "@smithy/util-buffer-from",
        "tslib"
      ]
    },
    "@smithy/util-utf8@4.4.5": {
      "integrity": "sha512-ZS7Y5X8mU9qRSsqwOeGKw86WWtPsRxa396kX2HyhYwADRqFHJ0cb3p2uFk6QnFF3BluUUBHTZJpPA9QuEl0tlg==",
      "dependencies": [
        "@smithy/core",
        "tslib"
      ]
    },
    "@smithy/util-waiter@4.5.5": {
      "integrity": "sha512-srpGlNMPxeCQvj/C5E28wuM936CBw8aaY0edfdXeDPHUqNULGCjQHzLdWvCLI3kaAR+E9yJIaDjmq+feMl9cuQ==",
      "dependencies": [
        "@smithy/core",
        "tslib"
      ]
    },
    "@sqlite.org/sqlite-wasm@3.53.0-build1": {
      "integrity": "sha512-PfWPWN2n+/37doa8oh2/oUXk4OOsRYZsxc1W1sDXIGb/Pu5Yrb+f2eyYpgQMGITVX7HVgxhs9P18Rc6I97ym/g=="
    },
    "base64-js@1.5.1": {
      "integrity": "sha512-AKpaYlHn8t4SVbOHCy+b5+KKgvR4vrsD8vbvrbiQJps7fKDTkjkDry6ji0rUJjC0kzbNePLwzxq8iypo41qeWA=="
    },
    "better-sqlite3@11.7.0": {
      "integrity": "sha512-mXpa5jnIKKHeoGzBrUJrc65cXFKcILGZpU3FXR0pradUEm9MA7UZz02qfEejaMcm9iXrSOCenwwYMJ/tZ1y5Ig==",
      "dependencies": [
        "bindings",
        "prebuild-install"
      ],
      "scripts": true
    },
    "bindings@1.5.0": {
      "integrity": "sha512-p2q/t/mhvuOj/UeLlV6566GD/guowlr0hHxClI0W9m7MWYkL1F0hLo+0Aexs9HSPCtR1SXQ0TD3MMKrXZajbiQ==",
      "dependencies": [
        "file-uri-to-path"
      ]
    },
    "bl@4.1.0": {
      "integrity": "sha512-1W07cM9gS6DcLperZfFSj+bWLtaPGSOHWhPiGzXmvVJbRLdG82sH/Kn8EtW1VqWVA54AKf2h5k5BbnIbwF3h6w==",
      "dependencies": [
        "buffer",
        "inherits",
        "readable-stream"
      ]
    },
    "bowser@2.14.1": {
      "integrity": "sha512-tzPjzCxygAKWFOJP011oxFHs57HzIhOEracIgAePE4pqB3LikALKnSzUyU4MGs9/iCEUuHlAJTjTc5M+u7YEGg=="
    },
    "buffer@5.7.1": {
      "integrity": "sha512-EHcyIPBQ4BSGlvjB16k5KgAJ27CIsHY/2JBmCRReo48y9rQ3MaUzWX3KVlBa4U7MyX02HdVj0K7C3WaB3ju7FQ==",
      "dependencies": [
        "base64-js",
        "ieee754"
      ]
    },
    "chownr@1.1.4": {
      "integrity": "sha512-jJ0bqzaylmJtVnNgzTeSOs8DPavpbYgEr/b0YL8/2GO3xJEhInFmhKMUnEJQjZumK7KXGFhUy89PrsJWlakBVg=="
    },
    "decompress-response@6.0.0": {
      "integrity": "sha512-aW35yZM6Bb/4oJlZncMH2LCoZtJXTRxES17vE3hoRiowU2kWHaJKFkSBDnDR+cm9J+9QhXmREyIfv0pji9ejCQ==",
      "dependencies": [
        "mimic-response"
      ]
    },
    "deep-extend@0.6.0": {
      "integrity": "sha512-LOHxIOaPYdHlJRtCQfDIVZtfw/ufM8+rVj649RIHzcm/vGwQRXFt6OPqIFWsm2XEMrNIEtWR64sY1LEKD2vAOA=="
    },
    "detect-libc@2.1.2": {
      "integrity": "sha512-Btj2BOOO83o3WyH59e8MgXsxEQVcarkUOpEYrubB0urwnN10yQ364rsiByU11nZlqWYZm05i/of7io4mzihBtQ=="
    },
    "end-of-stream@1.4.5": {
      "integrity": "sha512-ooEGc6HP26xXq/N+GCGOT0JKCLDGrq2bQUZrQ7gyrJiZANJ/8YDTxTpQBXGMn+WbIQXNVpyWymm7KYVICQnyOg==",
      "dependencies": [
        "once"
      ]
    },
    "expand-template@2.0.3": {
      "integrity": "sha512-XYfuKMvj4O35f/pOXLObndIRvyQ+/+6AhODh+OKWj9S9498pHHn/IMszH+gt0fBCRWMNfk1ZSp5x3AifmnI2vg=="
    },
    "file-uri-to-path@1.0.0": {
      "integrity": "sha512-0Zt+s3L7Vf1biwWZ29aARiVYLx7iMGnEUl9x33fbB/j3jR81u/O2LbqK+Bm1CDSNDKVtJ/YjwY7TUd5SkeLQLw=="
    },
    "fs-constants@1.0.0": {
      "integrity": "sha512-y6OAwoSIf7FyjMIv94u+b5rdheZEjzR63GTyZJm5qh4Bi+2YgwLCcI/fPFZkL5PSixOt6ZNKm+w+Hfp/Bciwow=="
    },
    "github-from-package@0.0.0": {
      "integrity": "sha512-SyHy3T1v2NUXn29OsWdxmK6RwHD+vkj3v8en8AOBZ1wBQ/hCAQ5bAQTD02kW4W9tUp/3Qh6J8r9EvntiyCmOOw=="
    },
    "ieee754@1.2.1": {
      "integrity": "sha512-dcyqhDvX1C46lXZcVqCpK+FtMRQVdIMN6/Df5js2zouUsqG7I6sFxitIC+7KYK29KdXOLHdu9zL4sFnoVQnqaA=="
    },
    "inherits@2.0.4": {
      "integrity": "sha512-k/vGaX4/Yla3WzyMCvTQOXYeIHvqOKtnqBduzTHpzpQZzAskKMhZ2K+EnBiSM9zGSoIFeMpXKxa4dYeZIQqewQ=="
    },
    "ini@1.3.8": {
      "integrity": "sha512-JV/yugV2uzW5iMRSiZAyDtQd+nxtUnjeLt0acNdw98kKLrvuRVyB80tsREOE7yvGVgalhZ6RNXCmEHkUKBKxew=="
    },
    "mimic-response@3.1.0": {
      "integrity": "sha512-z0yWI+4FDrrweS8Zmt4Ej5HdJmky15+L2e6Wgn3+iK5fWzb6T3fhNFq2+MeTRb064c6Wr4N/wv0DzQTjNzHNGQ=="
    },
    "minimist@1.2.8": {
      "integrity": "sha512-2yyAR8qBkN3YuheJanUpWC5U3bb5osDywNB8RzDVlDwDHbocAJveqqj1u8+SVD7jkWT4yvsHCpWqqWqAxb0zCA=="
    },
    "mkdirp-classic@0.5.3": {
      "integrity": "sha512-gKLcREMhtuZRwRAfqP3RFW+TK4JqApVBtOIftVgjuABpAtpxhPGaDcfvbhNvD0B8iD1oUr/txX35NjcaY6Ns/A=="
    },
    "napi-build-utils@2.0.0": {
      "integrity": "sha512-GEbrYkbfF7MoNaoh2iGG84Mnf/WZfB0GdGEsM8wz7Expx/LlWf5U8t9nvJKXSp3qr5IsEbK04cBGhol/KwOsWA=="
    },
    "node-abi@3.94.0": {
      "integrity": "sha512-W5ZNO5KRPB5TkYmGVD9F6YqhsglXJzE6etpbmT+f6EQElhiX/UTG551cnsRGvLG3fyZEg9HwaDmNmj5nwJ4z9g==",
      "dependencies": [
        "semver"
      ]
    },
    "once@1.4.0": {
      "integrity": "sha512-lNaJgI+2Q5URQBkccEKHTQOPaXdUxnZZElQTZY0MFUAuaEqe1E+Nyvgdz/aIyNi6Z9MzO5dv1H8n58/GELp3+w==",
      "dependencies": [
        "wrappy"
      ]
    },
    "postgres@3.4.5": {
      "integrity": "sha512-cDWgoah1Gez9rN3H4165peY9qfpEo+SA61oQv65O3cRUE1pOEoJWwddwcqKE8XZYjbblOJlYDlLV4h67HrEVDg=="
    },
    "prebuild-install@7.1.3": {
      "integrity": "sha512-8Mf2cbV7x1cXPUILADGI3wuhfqWvtiLA1iclTDbFRZkgRQS0NqsPZphna9V+HyTEadheuPmjaJMsbzKQFOzLug==",
      "dependencies": [
        "detect-libc",
        "expand-template",
        "github-from-package",
        "minimist",
        "mkdirp-classic",
        "napi-build-utils",
        "node-abi",
        "pump",
        "rc",
        "simple-get",
        "tar-fs",
        "tunnel-agent"
      ],
      "deprecated": true,
      "bin": true
    },
    "pump@3.0.4": {
      "integrity": "sha512-VS7sjc6KR7e1ukRFhQSY5LM2uBWAUPiOPa/A3mkKmiMwSmRFUITt0xuj+/lesgnCv+dPIEYlkzrcyXgquIHMcA==",
      "dependencies": [
        "end-of-stream",
        "once"
      ]
    },
    "rc@1.2.8": {
      "integrity": "sha512-y3bGgqKj3QBdxLbLkomlohkvsA8gdAiUQlSBJnBhfn+BPxg4bc62d8TcBW15wavDfgexCgccckhcZvywyQYPOw==",
      "dependencies": [
        "deep-extend",
        "ini",
        "minimist",
        "strip-json-comments"
      ],
      "bin": true
    },
    "readable-stream@3.6.2": {
      "integrity": "sha512-9u/sniCrY3D5WdsERHzHE4G2YCXqoG5FTHUiCC4SIbr6XcLZBY05ya9EKjYek9O5xOAwjGq+1JdGBAS7Q9ScoA==",
      "dependencies": [
        "inherits",
        "string_decoder",
        "util-deprecate"
      ]
    },
    "safe-buffer@5.2.1": {
      "integrity": "sha512-rp3So07KcdmmKbGvgaNxQSJr7bGVSVk5S9Eq1F+ppbRo70+YeaDxkw5Dd8NPN+GD6bjnYm2VuPuCXmpuYvmCXQ=="
    },
    "semver@7.8.5": {
      "integrity": "sha512-Y7/KDsb8LjooZpwaqGyulO6DQlksgCncchHGk+sZIY4SBvUocMBEFH5Ur1fI4dV+Jvl0w6cjvucaIi40puRioA==",
      "bin": true
    },
    "simple-concat@1.0.1": {
      "integrity": "sha512-cSFtAPtRhljv69IK0hTVZQ+OfE9nePi/rtJmw5UjHeVyVroEqJXP1sFztKUy1qU+xvz3u/sfYJLa947b7nAN2Q=="
    },
    "simple-get@4.0.1": {
      "integrity": "sha512-brv7p5WgH0jmQJr1ZDDfKDOSeWWg+OVypG99A/5vYGPqJ6pxiaHLy8nxtFjBA7oMa01ebA9gfh1uMCFqOuXxvA==",
      "dependencies": [
        "decompress-response",
        "once",
        "simple-concat"
      ]
    },
    "sql.js@1.13.0": {
      "integrity": "sha512-RJbVP1HRDlUUXahJ7VMTcu9Rm1Nzw+EBpoPr94vnbD4LwR715F3CcxE2G2k45PewcaZ57pjetYa+LoSJLAASgA=="
    },
    "string_decoder@1.3.0": {
      "integrity": "sha512-hkRX8U1WjJFd8LsDJ2yQ/wWWxaopEsABU1XfkM8A+j0+85JAGppt16cr1Whg6KIbb4okU6Mql6BOj+uup/wKeA==",
      "dependencies": [
        "safe-buffer"
      ]
    },
    "strip-json-comments@2.0.1": {
      "integrity": "sha512-4gB8na07fecVVkOI6Rs4e7T6NOTki5EmL7TUduTs6bu3EdnSycntVJ4re8kgZA+wx9IueI2Y11bfbgwtzuE0KQ=="
    },
    "tar-fs@2.1.5": {
      "integrity": "sha512-OboTd8mmMhZDNPV+UjQcK9yKAatXu2aJ+r1w4im1Otd4M4fl2hwvdoXUxIYHFTHWK/3y3FarBP70v3vwmGlOxw==",
      "dependencies": [
        "chownr",
        "mkdirp-classic",
        "pump",
        "tar-stream"
      ]
    },
    "tar-stream@2.2.0": {
      "integrity": "sha512-ujeqbceABgwMZxEJnk2HDY2DlnUZ+9oEcb1KzTVfYHio0UE6dG71n60d8D2I4qNvleWrrXpmjpt7vZeF1LnMZQ==",
      "dependencies": [
        "bl",
        "end-of-stream",
        "fs-constants",
        "inherits",
        "readable-stream"
      ]
    },
    "tslib@2.8.1": {
      "integrity": "sha512-oJFu94HQb+KVduSUQL7wnpmqnfmLsOA/nAh6b6EH0wCEoK0/mPeXU6c3wKDV83MkOuHPRHtSXKKU99IBazS/2w=="
    },
    "tunnel-agent@0.6.0": {
      "integrity": "sha512-McnNiV1l8RYeY8tBgEpuodCC1mLUdbSN+CYBL7kJsJNInOP8UjDDEwdk6Mw60vdLLrr5NHKZhMAOSrR2NZuQ+w==",
      "dependencies": [
        "safe-buffer"
      ]
    },
    "util-deprecate@1.0.2": {
      "integrity": "sha512-EPD5q1uXyFxJpCrLnCc1nHnq3gOa6DZBocAIiI2TaSCA7VCJ1UJDMagCzIkXNsUYfD1daK//LTEQ8xiIbrHtcw=="
    },
    "wrappy@1.0.2": {
      "integrity": "sha512-l4Sp/DRseor9wL6EvV2+TuQn63dMkPjZ/sp9XkghTEbV9KlPS1xUsZ3u7/IQO4wxtcFB4bgpQPRcR3QCvezPcQ=="
    },
    "zod@4.4.3": {
      "integrity": "sha512-ytENFjIJFl2UwYglde2jchW2Hwm4GJFLDiSXWdTrJQBIN9Fcyp7n4DhxJEiWNAJMV1/BqWfW/kkg71UDcHJyTQ=="
    }
  },
  "workspace": {
    "dependencies": [
      "jsr:@systeminit/swamp-testing@*",
      "npm:@aws-sdk/client-ec2@3.1024.0",
      "npm:@aws-sdk/client-iam@3.1024.0",
      "npm:@aws-sdk/client-rds@3.1024.0",
      "npm:@aws-sdk/client-secrets-manager@3.1024.0",
      "npm:@aws-sdk/client-sts@3.1024.0",
      "npm:@aws-sdk/rds-signer@3.1024.0",
      "npm:postgres@3.4.5",
      "npm:zod@4"
    ]
  }
}
