{
  "version": "5",
  "specifiers": {
    "jsr:@std/assert@*": "1.0.19",
    "jsr:@std/assert@1.0.19": "1.0.19",
    "jsr:@std/internal@^1.0.12": "1.0.12",
    "jsr:@systeminit/swamp-testing@*": "0.20260331.5",
    "npm:@aws-sdk/client-ec2@3.1024.0": "3.1024.0",
    "npm:@aws-sdk/client-iam@3.1024.0": "3.1024.0",
    "npm:@aws-sdk/client-rds@3.1024.0": "3.1024.0",
    "npm:@aws-sdk/client-sts@3.1024.0": "3.1024.0",
    "npm:zod@4": "4.4.3"
  },
  "jsr": {
    "@std/assert@1.0.19": {
      "integrity": "eaada96ee120cb980bc47e040f82814d786fe8162ecc53c91d8df60b8755991e",
      "dependencies": [
        "jsr:@std/internal"
      ]
    },
    "@std/internal@1.0.12": {
      "integrity": "972a634fd5bc34b242024402972cd5143eac68d8dffaca5eaa4dba30ce17b027"
    },
    "@systeminit/swamp-testing@0.20260331.5": {
      "integrity": "7f336df3a10433f2218c998b1b9757cba134585f44d53776ed82420b12b04df7",
      "dependencies": [
        "jsr:@std/assert@1.0.19"
      ]
    }
  },
  "npm": {
    "@aws-crypto/sha256-browser@5.2.0": {
      "integrity": "sha512-AXfN/lGotSQwu6HNcEsIASo7kWXZ5HYWvfOmSNKDsEqC4OashTp8alTmaz+F7TC2L083SFv5RdB+qU3Vs1kZqw==",
      "dependencies": [
        "@aws-crypto/sha256-js",
        "@aws-crypto/supports-web-crypto",
        "@aws-crypto/util",
        "@aws-sdk/types",
        "@aws-sdk/util-locate-window",
        "@smithy/util-utf8@2.3.0",
        "tslib"
      ]
    },
    "@aws-crypto/sha256-js@5.2.0": {
      "integrity": "sha512-FFQQyu7edu4ufvIZ+OadFpHHOt+eSTBaYaki44c+akjg7qZg9oOQeLlk77F6tSYqjDAFClrHJk9tMf0HdVyOvA==",
      "dependencies": [
        "@aws-crypto/util",
        "@aws-sdk/types",
        "tslib"
      ]
    },
    "@aws-crypto/supports-web-crypto@5.2.0": {
      "integrity": "sha512-iAvUotm021kM33eCdNfwIN//F77/IADDSs58i+MDaOqFrVjZo9bAal0NK7HurRuWLLpF1iLX7gbWrjHjeo+YFg==",
      "dependencies": [
        "tslib"
      ]
    },
    "@aws-crypto/util@5.2.0": {
      "integrity": "sha512-4RkU9EsI6ZpBve5fseQlGNUWKMa1RLPQ1dnjnQoe07ldfIzcsGb5hC5W0Dm7u423KWzawlrpbjXBrXCEv9zazQ==",
      "dependencies": [
        "@aws-sdk/types",
        "@smithy/util-utf8@2.3.0",
        "tslib"
      ]
    },
    "@aws-sdk/client-ec2@3.1024.0": {
      "integrity": "sha512-1LtP6bT4i/bdYHpVFCq680HVE5buSbuX5L3wPJsXplbz7qKM/KDQx3jZ2Po/B+TxBKpam//rhGdJDKrIUSu5pQ==",
      "dependencies": [
        "@aws-crypto/sha256-browser",
        "@aws-crypto/sha256-js",
        "@aws-sdk/core",
        "@aws-sdk/credential-provider-node",
        "@aws-sdk/middleware-host-header",
        "@aws-sdk/middleware-logger",
        "@aws-sdk/middleware-recursion-detection",
        "@aws-sdk/middleware-sdk-ec2",
        "@aws-sdk/middleware-user-agent",
        "@aws-sdk/region-config-resolver",
        "@aws-sdk/types",
        "@aws-sdk/util-endpoints",
        "@aws-sdk/util-user-agent-browser",
        "@aws-sdk/util-user-agent-node",
        "@smithy/config-resolver",
        "@smithy/core",
        "@smithy/fetch-http-handler",
        "@smithy/hash-node",
        "@smithy/invalid-dependency",
        "@smithy/middleware-content-length",
        "@smithy/middleware-endpoint",
        "@smithy/middleware-retry",
        "@smithy/middleware-serde",
        "@smithy/middleware-stack",
        "@smithy/node-config-provider",
        "@smithy/node-http-handler",
        "@smithy/protocol-http",
        "@smithy/smithy-client",
        "@smithy/types",
        "@smithy/url-parser",
        "@smithy/util-base64",
        "@smithy/util-body-length-browser",
        "@smithy/util-body-length-node",
        "@smithy/util-defaults-mode-browser",
        "@smithy/util-defaults-mode-node",
        "@smithy/util-endpoints",
        "@smithy/util-middleware",
        "@smithy/util-retry",
        "@smithy/util-utf8@4.4.5",
        "@smithy/util-waiter",
        "tslib"
      ]
    },
    "@aws-sdk/client-iam@3.1024.0": {
      "integrity": "sha512-ZR6FSJZCQb+diQfTjNITbEv7XGp73j7xFJ6f6Pi0n+4gCWdlYQH/UYRsfv5V6igBF8R+28yQo4m1pKekRsW2rA==",
      "dependencies": [
        "@aws-crypto/sha256-browser",
        "@aws-crypto/sha256-js",
        "@aws-sdk/core",
        "@aws-sdk/credential-provider-node",
        "@aws-sdk/middleware-host-header",
        "@aws-sdk/middleware-logger",
        "@aws-sdk/middleware-recursion-detection",
        "@aws-sdk/middleware-user-agent",
        "@aws-sdk/region-config-resolver",
        "@aws-sdk/types",
        "@aws-sdk/util-endpoints",
        "@aws-sdk/util-user-agent-browser",
        "@aws-sdk/util-user-agent-node",
        "@smithy/config-resolver",
        "@smithy/core",
        "@smithy/fetch-http-handler",
        "@smithy/hash-node",
        "@smithy/invalid-dependency",
        "@smithy/middleware-content-length",
        "@smithy/middleware-endpoint",
        "@smithy/middleware-retry",
        "@smithy/middleware-serde",
        "@smithy/middleware-stack",
        "@smithy/node-config-provider",
        "@smithy/node-http-handler",
        "@smithy/protocol-http",
        "@smithy/smithy-client",
        "@smithy/types",
        "@smithy/url-parser",
        "@smithy/util-base64",
        "@smithy/util-body-length-browser",
        "@smithy/util-body-length-node",
        "@smithy/util-defaults-mode-browser",
        "@smithy/util-defaults-mode-node",
        "@smithy/util-endpoints",
        "@smithy/util-middleware",
        "@smithy/util-retry",
        "@smithy/util-utf8@4.4.5",
        "@smithy/util-waiter",
        "tslib"
      ]
    },
    "@aws-sdk/client-rds@3.1024.0": {
      "integrity": "sha512-0NSs6HfjNLwzfpQTBs1mnvkF+rFsd8fpeV4O+5d/1lYddEhs5FkGZ8DxCTe/hHunBCqrzpOCUNed3+mYrku/dg==",
      "dependencies": [
        "@aws-crypto/sha256-browser",
        "@aws-crypto/sha256-js",
        "@aws-sdk/core",
        "@aws-sdk/credential-provider-node",
        "@aws-sdk/middleware-host-header",
        "@aws-sdk/middleware-logger",
        "@aws-sdk/middleware-recursion-detection",
        "@aws-sdk/middleware-sdk-rds",
        "@aws-sdk/middleware-user-agent",
        "@aws-sdk/region-config-resolver",
        "@aws-sdk/types",
        "@aws-sdk/util-endpoints",
        "@aws-sdk/util-user-agent-browser",
        "@aws-sdk/util-user-agent-node",
        "@smithy/config-resolver",
        "@smithy/core",
        "@smithy/fetch-http-handler",
        "@smithy/hash-node",
        "@smithy/invalid-dependency",
        "@smithy/middleware-content-length",
        "@smithy/middleware-endpoint",
        "@smithy/middleware-retry",
        "@smithy/middleware-serde",
        "@smithy/middleware-stack",
        "@smithy/node-config-provider",
        "@smithy/node-http-handler",
        "@smithy/protocol-http",
        "@smithy/smithy-client",
        "@smithy/types",
        "@smithy/url-parser",
        "@smithy/util-base64",
        "@smithy/util-body-length-browser",
        "@smithy/util-body-length-node",
        "@smithy/util-defaults-mode-browser",
        "@smithy/util-defaults-mode-node",
        "@smithy/util-endpoints",
        "@smithy/util-middleware",
        "@smithy/util-retry",
        "@smithy/util-utf8@4.4.5",
        "@smithy/util-waiter",
        "tslib"
      ]
    },
    "@aws-sdk/client-sts@3.1024.0": {
      "integrity": "sha512-LQYfWXsZ6ty68zSMMBGyoj9Lf2bEvVcI593nU5wepaHOTb0HCdOS5BUuQdSkjQ+MUxE3UKlLpCsmEnfEFyNGNQ==",
      "dependencies": [
        "@aws-crypto/sha256-browser",
        "@aws-crypto/sha256-js",
        "@aws-sdk/core",
        "@aws-sdk/credential-provider-node",
        "@aws-sdk/middleware-host-header",
        "@aws-sdk/middleware-logger",
        "@aws-sdk/middleware-recursion-detection",
        "@aws-sdk/middleware-user-agent",
        "@aws-sdk/region-config-resolver",
        "@aws-sdk/types",
        "@aws-sdk/util-endpoints",
        "@aws-sdk/util-user-agent-browser",
        "@aws-sdk/util-user-agent-node",
        "@smithy/config-resolver",
        "@smithy/core",
        "@smithy/fetch-http-handler",
        "@smithy/hash-node",
        "@smithy/invalid-dependency",
        "@smithy/middleware-content-length",
        "@smithy/middleware-endpoint",
        "@smithy/middleware-retry",
        "@smithy/middleware-serde",
        "@smithy/middleware-stack",
        "@smithy/node-config-provider",
        "@smithy/node-http-handler",
        "@smithy/protocol-http",
        "@smithy/smithy-client",
        "@smithy/types",
        "@smithy/url-parser",
        "@smithy/util-base64",
        "@smithy/util-body-length-browser",
        "@smithy/util-body-length-node",
        "@smithy/util-defaults-mode-browser",
        "@smithy/util-defaults-mode-node",
        "@smithy/util-endpoints",
        "@smithy/util-middleware",
        "@smithy/util-retry",
        "@smithy/util-utf8@4.4.5",
        "tslib"
      ]
    },
    "@aws-sdk/core@3.974.26": {
      "integrity": "sha512-wRj7Pthvjk3anees97pUWlxlTa0DUjeGrEQU5fKDZVdWZV0ekaprbof0df2uaE9g8u67t035v2j+ne2AW2UMkA==",
      "dependencies": [
        "@aws-sdk/types",
        "@aws-sdk/xml-builder",
        "@aws/lambda-invoke-store",
        "@smithy/core",
        "@smithy/signature-v4",
        "@smithy/types",
        "bowser",
        "tslib"
      ]
    },
    "@aws-sdk/credential-provider-env@3.972.52": {
      "integrity": "sha512-sxuaHZGHqOgKB8OdL3doXa1NJjqmO60FPfyTnYVKGjX9taRsIEGS9pd+2yALmo06hijZ8L94uSK0kfXZsRmVyA==",
      "dependencies": [
        "@aws-sdk/core",
        "@aws-sdk/types",
        "@smithy/core",
        "@smithy/types",
        "tslib"
      ]
    },
    "@aws-sdk/credential-provider-http@3.972.54": {
      "integrity": "sha512-e6yz52nq3SpR1oPLcvfsDM7H7k2gIYk/NSn/rwsFqzGXEwr3g0mRMlPbLaKCPCGNZJMU/gZg6/64B3eSam+gBw==",
      "dependencies": [
        "@aws-sdk/core",
        "@aws-sdk/types",
        "@smithy/core",
        "@smithy/fetch-http-handler",
        "@smithy/node-http-handler",
        "@smithy/types",
        "tslib"
      ]
    },
    "@aws-sdk/credential-provider-ini@3.972.59": {
      "integrity": "sha512-9Um/UpruN76AdpiLnvwChVkJJwJ9Vx9ykk/2AeLxxSCM/YYRD8Kkq2towUk9fZQLV7dd9ATlsi87U7hKs0z/iQ==",
      "dependencies": [
        "@aws-sdk/core",
        "@aws-sdk/credential-provider-env",
        "@aws-sdk/credential-provider-http",
        "@aws-sdk/credential-provider-login",
        "@aws-sdk/credential-provider-process",
        "@aws-sdk/credential-provider-sso",
        "@aws-sdk/credential-provider-web-identity",
        "@aws-sdk/nested-clients",
        "@aws-sdk/types",
        "@smithy/core",
        "@smithy/credential-provider-imds",
        "@smithy/types",
        "tslib"
      ]
    },
    "@aws-sdk/credential-provider-login@3.972.58": {
      "integrity": "sha512-H3q96qF8/DJsPsXMVtMRqSWOc85K5O4zos32untdw+vE5vw0f3a6qJo1YqbND4BsEIKd4iZmzzVUq9kV4LjbHg==",
      "dependencies": [
        "@aws-sdk/core",
        "@aws-sdk/nested-clients",
        "@aws-sdk/types",
        "@smithy/core",
        "@smithy/types",
        "tslib"
      ]
    },
    "@aws-sdk/credential-provider-node@3.972.61": {
      "integrity": "sha512-2U2KHMRCt1dlZoLU3KZR5g5EL4b0h2HHw96SkaUBK7qvEXPZj5rGRO/3ZTeJmh37dIYQuCnA2273rZOQvmsiHw==",
      "dependencies": [
        "@aws-sdk/credential-provider-env",
        "@aws-sdk/credential-provider-http",
        "@aws-sdk/credential-provider-ini",
        "@aws-sdk/credential-provider-process",
        "@aws-sdk/credential-provider-sso",
        "@aws-sdk/credential-provider-web-identity",
        "@aws-sdk/types",
        "@smithy/core",
        "@smithy/credential-provider-imds",
        "@smithy/types",
        "tslib"
      ]
    },
    "@aws-sdk/credential-provider-process@3.972.52": {
      "integrity": "sha512-Aff9Ebs42lz+Ep1wkS+Nlwh5S0eahakpyskPsuKGjiBJ6ExOjNtxbfKJTKovQtQNgJ7oG1BH6esJwGrbs7qgSA==",
      "dependencies": [
        "@aws-sdk/core",
        "@aws-sdk/types",
        "@smithy/core",
        "@smithy/types",
        "tslib"
      ]
    },
    "@aws-sdk/credential-provider-sso@3.972.58": {
      "integrity": "sha512-syloC58mXOacUqM2toPNfwd7X3jT+tWj0F/cN7qdW1FQyI0q41J0tPf6DIZ56BF0x82iS9j3ALP45MoBz79YuQ==",
      "dependencies": [
        "@aws-sdk/core",
        "@aws-sdk/nested-clients",
        "@aws-sdk/token-providers",
        "@aws-sdk/types",
        "@smithy/core",
        "@smithy/types",
        "tslib"
      ]
    },
    "@aws-sdk/credential-provider-web-identity@3.972.58": {
      "integrity": "sha512-pTBImKzcGK+pcMKjL0fAJbnYzzYd1c0UDc7BSIOGNQhF9Nuk66vWlIXfYTYyzNSs+w8Q/vfbbNDDU8zdrouwLg==",
      "dependencies": [
        "@aws-sdk/core",
        "@aws-sdk/nested-clients",
        "@aws-sdk/types",
        "@smithy/core",
        "@smithy/types",
        "tslib"
      ]
    },
    "@aws-sdk/middleware-host-header@3.972.27": {
      "integrity": "sha512-yYf3gP7pM8AxF3yWO1cPYYWQuWGoQ1QLzi7ZdVbK59LxK664KgsjcQOWb8p11DiUkCO+aGG6nzIrQ3hOQiLtqQ==",
      "dependencies": [
        "@aws-sdk/core",
        "tslib"
      ]
    },
    "@aws-sdk/middleware-logger@3.972.26": {
      "integrity": "sha512-dWtOTYeRBOFahuAgR8EMwDKQ6PoKQROsIyBBMZkMTNgf1cK62yetBr0ycjEkWxNrfMsJn+0lye1Mwlops1XjRw==",
      "dependencies": [
        "@aws-sdk/core",
        "tslib"
      ]
    },
    "@aws-sdk/middleware-recursion-detection@3.972.28": {
      "integrity": "sha512-ZyCByl6w/7VBKsSSmS3EpTTVgAbrdA5JPfLDlFzcGw8ilaytVQvmJVBln8z4AWYOR/QSB8tcCUuT8l0xsPEjrQ==",
      "dependencies": [
        "@aws-sdk/core",
        "tslib"
      ]
    },
    "@aws-sdk/middleware-sdk-ec2@3.972.40": {
      "integrity": "sha512-64E9keSNxgTgN+o9YnWJtz5hHUROI4gyN8kQ/NPNLi1rwBEEk5mfW1RwudZnvP9PMbG3iBRyIL6arhpDmE+Bdg==",
      "dependencies": [
        "@aws-sdk/core",
        "@aws-sdk/types",
        "@smithy/core",
        "@smithy/signature-v4",
        "@smithy/types",
        "tslib"
      ]
    },
    "@aws-sdk/middleware-sdk-rds@3.972.40": {
      "integrity": "sha512-0i0aZmWrPBajwjNB0SHCd9LI61NKIYArzKl0fehhEPKmvO19+41YpIdVjrAU8jVstY60Bt1e3ot21NB00ZGSsg==",
      "dependencies": [
        "@aws-sdk/core",
        "@aws-sdk/types",
        "@smithy/core",
        "@smithy/signature-v4",
        "@smithy/types",
        "tslib"
      ]
    },
    "@aws-sdk/middleware-user-agent@3.972.56": {
      "integrity": "sha512-HKranpE6Ej8xQyXvnkOciLF3SAWIiChnrLUqvLubbre4ODOpbNsfNr0EotGOjweeHKSvARRa0oepnV/UOpp6Aw==",
      "dependencies": [
        "@aws-sdk/core",
        "tslib"
      ]
    },
    "@aws-sdk/nested-clients@3.997.26": {
      "integrity": "sha512-Lwe3F6K7bs+jEubp1LbrvzeMBYb5fMazJ1IxV9TtKWPF8CSh67Fmwyq9fLz3NL/k55Dfpuph5Dimw76JFgr+SA==",
      "dependencies": [
        "@aws-sdk/core",
        "@aws-sdk/signature-v4-multi-region",
        "@aws-sdk/types",
        "@smithy/core",
        "@smithy/fetch-http-handler",
        "@smithy/node-http-handler",
        "@smithy/types",
        "tslib"
      ]
    },
    "@aws-sdk/region-config-resolver@3.972.30": {
      "integrity": "sha512-X7Yg8QUxxV8k2krWGaUlyMTZqJ35eABQ2xBNS14tT4rs850YT5MYDNbLPubuKhXOETT10V0YVv0pWpg0wAhDQg==",
      "dependencies": [
        "@aws-sdk/core",
        "tslib"
      ]
    },
    "@aws-sdk/signature-v4-multi-region@3.996.38": {
      "integrity": "sha512-C379Sk+MiFZCfWZphKlMyLHKxV22OjoGM5KJjj5IJNJcOCWL4IGIpnEGzv1FQiRwhYXfq55SJMfxlqPE08JJ9g==",
      "dependencies": [
        "@aws-sdk/types",
        "@smithy/signature-v4",
        "@smithy/types",
        "tslib"
      ]
    },
    "@aws-sdk/token-providers@3.1078.0": {
      "integrity": "sha512-/uyXLBGu3Lw1GbBA2X66hcOMnKtMcqAIF+3/eHfxBQmUeXF2sdqozDPrTfEr/TnSd0D6deZar+eVyhEqqWu29w==",
      "dependencies": [
        "@aws-sdk/core",
        "@aws-sdk/nested-clients",
        "@aws-sdk/types",
        "@smithy/core",
        "@smithy/types",
        "tslib"
      ]
    },
    "@aws-sdk/types@3.973.15": {
      "integrity": "sha512-IULn8uBV/SMtmOIANsm4WHXIOtVPBWfOWs3WGL0j/sI+KhaYehvOw0ET+9urnn8MBpiijuU/0JOpuwKOE451PQ==",
      "dependencies": [
        "@smithy/types",
        "tslib"
      ]
    },
    "@aws-sdk/util-endpoints@3.996.25": {
      "integrity": "sha512-1KPcn0ZSVjlaSwoRMnBc4dZpC1LDCEYFHuppA//cHZmd51UwDwnc9zVQiAuqLsz/WcuUD11EcTjNLrMSzM82hQ==",
      "dependencies": [
        "@aws-sdk/core",
        "@smithy/core",
        "tslib"
      ]
    },
    "@aws-sdk/util-locate-window@3.965.8": {
      "integrity": "sha512-uUbMs1cBZPafD0ohUj6EwNf0fPZ534NvBxHox4hjX+0Rxq5paSYUem7+hi833pYrzrcnBATKIYpR02MDXT5M9g==",
      "dependencies": [
        "tslib"
      ]
    },
    "@aws-sdk/util-user-agent-browser@3.972.27": {
      "integrity": "sha512-yLxziArK7kQQaf2iR5eOW+iwa3Ge5sJSLdr6dnOEVvmNrB1jwwgbWV1S4OkmUMdHJ3qw0UnqDP2IBIQ9rN5XZQ==",
      "dependencies": [
        "@aws-sdk/core",
        "tslib"
      ]
    },
    "@aws-sdk/util-user-agent-node@3.973.42": {
      "integrity": "sha512-OZKXoDETUC1lStAUvCptw6vm6TkjQlHS/1JxfV/qGlKR+GbQQbpO4LH347TYdu4bCzs16hf3Mx2UTm4dibc4vQ==",
      "dependencies": [
        "@aws-sdk/core",
        "tslib"
      ]
    },
    "@aws-sdk/xml-builder@3.972.33": {
      "integrity": "sha512-ezbwz9WpuLctm6o7P2t2naDhVVPI5jFGrVefVybhcKGjU57VIyT46pQVO0RI2RYkUdhdj2Z9uSIlAzGZE9NW9A==",
      "dependencies": [
        "@smithy/types",
        "tslib"
      ]
    },
    "@aws/lambda-invoke-store@0.2.4": {
      "integrity": "sha512-iY8yvjE0y651BixKNPgmv1WrQc+GZ142sb0z4gYnChDDY2YqI4P/jsSopBWrKfAt7LOJAkOXt7rC/hms+WclQQ=="
    },
    "@smithy/config-resolver@4.6.5": {
      "integrity": "sha512-EWaWeWXmEa2BMk6x0I++Nec4lMmTgzBI48ri7Ct6vv3YdcTzM3JrHMC3R3JkUVohMxA5D81WDhcCP+fs6kv4AQ==",
      "dependencies": [
        "@smithy/core",
        "tslib"
      ]
    },
    "@smithy/core@3.29.0": {
      "integrity": "sha512-sEvpvkBVoMxjoek35XyJFn2ZD3EJ1RpiZrT47WaZodxzAIWS44zkdvbqGE/ZlugtjiQp62cffYZ9ldyRkjAGnA==",
      "dependencies": [
        "@smithy/types",
        "tslib"
      ]
    },
    "@smithy/credential-provider-imds@4.4.5": {
      "integrity": "sha512-LnjUTNG0GgQlKIq7IioeOrPaEmC5xOd1WtAz24TLSiYQnWX2uHr53GrFuQhkrJBktPYCMga/NbUOW7hFbSA2Cg==",
      "dependencies": [
        "@smithy/core",
        "@smithy/types",
        "tslib"
      ]
    },
    "@smithy/fetch-http-handler@5.6.2": {
      "integrity": "sha512-q96PSDOAGw+X+nuELd7Cjebps0SYr+YlPbviEX9sLVw+VM4M7VV8hn1nL1mGS6urDu33eQ5A7WhlphaDO6kUyQ==",
      "dependencies": [
        "@smithy/core",
        "@smithy/types",
        "tslib"
      ]
    },
    "@smithy/hash-node@4.4.5": {
      "integrity": "sha512-2pyNsNH0rQJLTdIYDpona33axUSwhTPjJ5wl4twukJpEwgvltNL/mqZ7Tcgohz4DB8rhFwRPDd/3BlYuIvMYvw==",
      "dependencies": [
        "@smithy/core",
        "tslib"
      ]
    },
    "@smithy/invalid-dependency@4.4.5": {
      "integrity": "sha512-CzXd06th+MmAoq7dfmP2Olg4ZIpnkcJnnx20Kgusc6dBC0we6+nyaJEdY78aGiAX95Oss4x4FRS6GlXttVzN6w==",
      "dependencies": [
        "@smithy/core",
        "tslib"
      ]
    },
    "@smithy/is-array-buffer@2.2.0": {
      "integrity": "sha512-GGP3O9QFD24uGeAXYUjwSTXARoqpZykHadOmA8G5vfJPK0/DC67qa//0qvqrJzL1xc8WQWX7/yc7fwudjPHPhA==",
      "dependencies": [
        "tslib"
      ]
    },
    "@smithy/middleware-content-length@4.4.5": {
      "integrity": "sha512-civiAZI/EGJP9Y+MKZYAgGc02A6w32GwPMPGnVygNst6BzS/s9hGqlLtRI6QjhGy34tEAb8asr1hs19ARMWZOQ==",
      "dependencies": [
        "@smithy/core",
        "tslib"
      ]
    },
    "@smithy/middleware-endpoint@4.6.5": {
      "integrity": "sha512-8j/B9zIZOWgxEaq223MXRta/0AKpIEoEsIWE76SG2a5FIOrjUAQ9AvJn2oLekzzy5qH0d7y+bHDnJ7FOUFM8dw==",
      "dependencies": [
        "@smithy/core",
        "tslib"
      ]
    },
    "@smithy/middleware-retry@4.7.5": {
      "integrity": "sha512-fzLQbh4izNu+dCxm8mZOg0oujgkQyk8lCbWnstpxagVwqu9nTDByrlISaEAvlsQ9d9+lbvifmPjBLrRoEDrmPQ==",
      "dependencies": [
        "@smithy/core",
        "tslib"
      ]
    },
    "@smithy/middleware-serde@4.4.5": {
      "integrity": "sha512-zyU0JL6kC23EBoMRHsrPNK+zRaBjFFVcuAhxvTAgusYv89HWzveG94kGLsHCRdawTLqeYjnX34lqY1mY680WSg==",
      "dependencies": [
        "@smithy/core",
        "tslib"
      ]
    },
    "@smithy/middleware-stack@4.4.5": {
      "integrity": "sha512-VCHV2Zqk5YC0AB938oL40HMvLcVPk9DFzjs511aseB1gVnC5ZJJckdaLyH14WrLOVAFMF4hIKZ3YenBlUa+uWQ==",
      "dependencies": [
        "@smithy/core",
        "tslib"
      ]
    },
    "@smithy/node-config-provider@4.5.5": {
      "integrity": "sha512-oYaPOb+00xXWDUb5t05b0trcnZ4XSr/cDKioiZSwSKk8crvnu8AlElTddpq6s9HT4lELJuuduCAsbco8AjZUOQ==",
      "dependencies": [
        "@smithy/core",
        "tslib"
      ]
    },
    "@smithy/node-http-handler@4.9.2": {
      "integrity": "sha512-s0yAIRj6TVfHgl+QzVyqal1KMGZ9B5512IrxKc6+dOpw8fUmFL3CvuAhjv0J+aNjUPfVZ2IhqPEDvkB5Ncx9oA==",
      "dependencies": [
        "@smithy/core",
        "@smithy/types",
        "tslib"
      ]
    },
    "@smithy/protocol-http@5.5.5": {
      "integrity": "sha512-3qVnJJQN0P5tHAui6Pusz958lyXLgUezbh3wiDL6xqMY90TvSB7knLIDNr2xPCF2E5TsUfYt5aRUS3466RFkuQ==",
      "dependencies": [
        "@smithy/core",
        "tslib"
      ]
    },
    "@smithy/signature-v4@5.6.1": {
      "integrity": "sha512-SqvuP75p/DmgWWI7jv4kf/UW+V4LFmlUn19s604SgAcRuJRB1vDnWwzZMYCLUcmKxko9wDn6iLgGEIpTNgZbIQ==",
      "dependencies": [
        "@smithy/core",
        "@smithy/types",
        "tslib"
      ]
    },
    "@smithy/smithy-client@4.14.5": {
      "integrity": "sha512-gS9pgeFjdrgh8kzqZ/AgF71wUSI4nlLl0S0t7SdnK9+NNqLEIfaihFBfxCOIrjlWU1tELHi5Zw0u7r64pPpKHQ==",
      "dependencies": [
        "@smithy/core",
        "@smithy/types",
        "tslib"
      ]
    },
    "@smithy/types@4.15.1": {
      "integrity": "sha512-x3L0XSACF6UYzKpa9biqiRMgvH5+wnFFew9Tm/grFYqgaupPwx/+ojDPpPJM8dZON3S9tjz5U+PQYsCBd1Mw5Q==",
      "dependencies": [
        "tslib"
      ]
    },
    "@smithy/url-parser@4.4.5": {
      "integrity": "sha512-NSjOFRLW50LQR4TgJE68yiqdxFb73bg15T1rwe5U7WBFutN7Xck12H9/RkHYAXwX1xjzzRRD2S1YLDrnziuYjA==",
      "dependencies": [
        "@smithy/core",
        "tslib"
      ]
    },
    "@smithy/util-base64@4.5.5": {
      "integrity": "sha512-iglQGUEglrtJofbabyVe4LPK6J8Hpn1nmdmxXkKsBhnmhndjJI78QpA1uKZnyiEuT3w66b4DTA+blXqExczMlw==",
      "dependencies": [
        "@smithy/core",
        "tslib"
      ]
    },
    "@smithy/util-body-length-browser@4.4.5": {
      "integrity": "sha512-8s1zynpaBil1uLzyzYC7wzN1Es/3KsQc1sp4dJAsLbpWtO03+QjxSqbjKdFuLcSVmg36KeMoFarovR1OLrF0eQ==",
      "dependencies": [
        "@smithy/core",
        "tslib"
      ]
    },
    "@smithy/util-body-length-node@4.4.5": {
      "integrity": "sha512-IEBuUoh5lRA95ji4heI1P4eTqAoKnPiAc02g9Rls7QYdsg4KvAWU9nBdAXgBzWWsWTaqT3C8lWANZGm9loftRA==",
      "dependencies": [
        "@smithy/core",
        "tslib"
      ]
    },
    "@smithy/util-buffer-from@2.2.0": {
      "integrity": "sha512-IJdWBbTcMQ6DA0gdNhh/BwrLkDR+ADW5Kr1aZmd4k3DIF6ezMV4R2NIAmT08wQJ3yUK82thHWmC/TnK/wpMMIA==",
      "dependencies": [
        "@smithy/is-array-buffer",
        "tslib"
      ]
    },
    "@smithy/util-defaults-mode-browser@4.5.5": {
      "integrity": "sha512-1jQUxgC5rcf7RwW7cWtvw3/JfTIlGPo4kgXcVXdYPiOLMtZcDp5nVrtPNsaIBGCLJDGd8oiwIKEbMfHqJjFNyg==",
      "dependencies": [
        "@smithy/core",
        "tslib"
      ]
    },
    "@smithy/util-defaults-mode-node@4.4.5": {
      "integrity": "sha512-HMQZY7lISfAjIL0JvcY4ayjWWk5p4l+SkqLr7CNOaqHsYSwUenrM+Q+RrunHo+fbqsUVS9rvLIaBzje85UqPXg==",
      "dependencies": [
        "@smithy/core",
        "tslib"
      ]
    },
    "@smithy/util-endpoints@3.6.5": {
      "integrity": "sha512-uweecdwyeAKKlvvkI7Y7Hm67OJPNrdPmoVI9oK1guNMnh/4Rnk5A3YqYhA3UFqNQFeejO003jsavN7EZ68ilfQ==",
      "dependencies": [
        "@smithy/core",
        "tslib"
      ]
    },
    "@smithy/util-middleware@4.4.5": {
      "integrity": "sha512-bneMfanzxnbeRnLNq7q4cNC0tth2aI+0pWFarj9vYWs/J1F1dw1dMCSVduKCyGNW2x/eizQHdJZ+025J2aSMxg==",
      "dependencies": [
        "@smithy/core",
        "tslib"
      ]
    },
    "@smithy/util-retry@4.5.5": {
      "integrity": "sha512-meg/9Fq4dK1+jImK2DvlMBZuJhI3AdbcVG6VbR2NF1FNwDHgIl9PHDwIoFECJQEinySGuVXf04Z9p7gNkQ2Dfg==",
      "dependencies": [
        "@smithy/core",
        "tslib"
      ]
    },
    "@smithy/util-utf8@2.3.0": {
      "integrity": "sha512-R8Rdn8Hy72KKcebgLiv8jQcQkXoLMOGGv5uI1/k0l+snqkOzQ1R0ChUBCxWMlBsFMekWjq0wRudIweFs7sKT5A==",
      "dependencies": [
        "@smithy/util-buffer-from",
        "tslib"
      ]
    },
    "@smithy/util-utf8@4.4.5": {
      "integrity": "sha512-ZS7Y5X8mU9qRSsqwOeGKw86WWtPsRxa396kX2HyhYwADRqFHJ0cb3p2uFk6QnFF3BluUUBHTZJpPA9QuEl0tlg==",
      "dependencies": [
        "@smithy/core",
        "tslib"
      ]
    },
    "@smithy/util-waiter@4.5.5": {
      "integrity": "sha512-srpGlNMPxeCQvj/C5E28wuM936CBw8aaY0edfdXeDPHUqNULGCjQHzLdWvCLI3kaAR+E9yJIaDjmq+feMl9cuQ==",
      "dependencies": [
        "@smithy/core",
        "tslib"
      ]
    },
    "bowser@2.14.1": {
      "integrity": "sha512-tzPjzCxygAKWFOJP011oxFHs57HzIhOEracIgAePE4pqB3LikALKnSzUyU4MGs9/iCEUuHlAJTjTc5M+u7YEGg=="
    },
    "tslib@2.8.1": {
      "integrity": "sha512-oJFu94HQb+KVduSUQL7wnpmqnfmLsOA/nAh6b6EH0wCEoK0/mPeXU6c3wKDV83MkOuHPRHtSXKKU99IBazS/2w=="
    },
    "zod@4.4.3": {
      "integrity": "sha512-ytENFjIJFl2UwYglde2jchW2Hwm4GJFLDiSXWdTrJQBIN9Fcyp7n4DhxJEiWNAJMV1/BqWfW/kkg71UDcHJyTQ=="
    }
  },
  "workspace": {
    "dependencies": [
      "jsr:@systeminit/swamp-testing@*",
      "npm:@aws-sdk/client-ec2@3.1024.0",
      "npm:@aws-sdk/client-iam@3.1024.0",
      "npm:@aws-sdk/client-rds@3.1024.0",
      "npm:@aws-sdk/client-sts@3.1024.0",
      "npm:zod@4"
    ]
  }
}
